
Microsoft Visual Studio Solution File, Format Version 12.00
# Visual Studio Version 17
VisualStudioVersion = 17.2.32526.322
MinimumVisualStudioVersion = 10.0.40219.1
Project("{FAE04EC0-301F-11D3-BF4B-00C04F79EFBC}") = "aula09-Tratamento_de_erro", "aula09-Tratamento_de_erro.csproj", "{F98DEC89-B78F-45FC-800F-23CC69715FF0}"
EndProject
Global
	GlobalSection(SolutionConfigurationPlatforms) = preSolution
		Debug|Any CPU = Debug|Any CPU
		Release|Any CPU = Release|Any CPU
	EndGlobalSection
	GlobalSection(ProjectConfigurationPlatforms) = postSolution
		{F98DEC89-B78F-45FC-800F-23CC69715FF0}.Debug|Any CPU.ActiveCfg = Debug|Any CPU
		{F98DEC89-B78F-45FC-800F-23CC69715FF0}.Debug|Any CPU.Build.0 = Debug|Any CPU
		{F98DEC89-B78F-45FC-800F-23CC69715FF0}.Release|Any CPU.ActiveCfg = Release|Any CPU
		{F98DEC89-B78F-45FC-800F-23CC69715FF0}.Release|Any CPU.Build.0 = Release|Any CPU
	EndGlobalSection
	GlobalSection(SolutionProperties) = preSolution
		HideSolutionNode = FALSE
	EndGlobalSection
	GlobalSection(ExtensibilityGlobals) = postSolution
		SolutionGuid = {C37D0ABA-96E0-4EF6-B9E9-AA82FE37FA58}
	EndGlobalSection
EndGlobal
